
Microsoft Visual Studio Solution File, Format Version 12.00
# Visual Studio Version 17
VisualStudioVersion = 17.1.32328.378
MinimumVisualStudioVersion = 10.0.40219.1
Project("{FAE04EC0-301F-11D3-BF4B-00C04F79EFBC}") = "WebProject", "WebProject\WebProject.csproj", "{B6FB5F8F-2C45-41AD-B45C-63A5F14D4EBC}"
EndProject
Global
	GlobalSection(SolutionConfigurationPlatforms) = preSolution
		Debug|Any CPU = Debug|Any CPU
		Release|Any CPU = Release|Any CPU
	EndGlobalSection
	GlobalSection(ProjectConfigurationPlatforms) = postSolution
		{B6FB5F8F-2C45-41AD-B45C-63A5F14D4EBC}.Debug|Any CPU.ActiveCfg = Debug|Any CPU
		{B6FB5F8F-2C45-41AD-B45C-63A5F14D4EBC}.Debug|Any CPU.Build.0 = Debug|Any CPU
		{B6FB5F8F-2C45-41AD-B45C-63A5F14D4EBC}.Release|Any CPU.ActiveCfg = Release|Any CPU
		{B6FB5F8F-2C45-41AD-B45C-63A5F14D4EBC}.Release|Any CPU.Build.0 = Release|Any CPU
	EndGlobalSection
	GlobalSection(SolutionProperties) = preSolution
		HideSolutionNode = FALSE
	EndGlobalSection
	GlobalSection(ExtensibilityGlobals) = postSolution
		SolutionGuid = {1B0D9BD5-9FC2-461C-BF98-E977180BFFAB}
	EndGlobalSection
EndGlobal
